// !$*UTF8*$!
{
	archiveVersion = 1;
	classes = {
	};
	objectVersion = 55;
	objects = {

/* Begin PBXBuildFile section */
		9BDA98F827A334B8009FA7A4 /* AppDelegate.swift in Sources */ = {isa = PBXBuildFile; fileRef = 9BDA98F727A334B8009FA7A4 /* AppDelegate.swift */; };
		9BDA98FA27A334B8009FA7A4 /* SceneDelegate.swift in Sources */ = {isa = PBXBuildFile; fileRef = 9BDA98F927A334B8009FA7A4 /* SceneDelegate.swift */; };
		9BDA98FC27A334B8009FA7A4 /* ViewController.swift in Sources */ = {isa = PBXBuildFile; fileRef = 9BDA98FB27A334B8009FA7A4 /* ViewController.swift */; };
		9BDA98FF27A334B8009FA7A4 /* Main.storyboard in Resources */ = {isa = PBXBuildFile; fileRef = 9BDA98FD27A334B8009FA7A4 /* Main.storyboard */; };
		9BDA990127A334BA009FA7A4 /* Assets.xcassets in Resources */ = {isa = PBXBuildFile; fileRef = 9BDA990027A334BA009FA7A4 /* Assets.xcassets */; };
		9BDA990427A334BA009FA7A4 /* LaunchScreen.storyboard in Resources */ = {isa = PBXBuildFile; fileRef = 9BDA990227A334BA009FA7A4 /* LaunchScreen.storyboard */; };
		9BDA990F27A334BA009FA7A4 /* cocoapods_dioTests.swift in Sources */ = {isa = PBXBuildFile; fileRef = 9BDA990E27A334BA009FA7A4 /* cocoapods_dioTests.swift */; };
		9BDA991927A334BA009FA7A4 /* cocoapods_dioUITests.swift in Sources */ = {isa = PBXBuildFile; fileRef = 9BDA991827A334BA009FA7A4 /* cocoapods_dioUITests.swift */; };
		9BDA991B27A334BA009FA7A4 /* cocoapods_dioUITestsLaunchTests.swift in Sources */ = {isa = PBXBuildFile; fileRef = 9BDA991A27A334BA009FA7A4 /* cocoapods_dioUITestsLaunchTests.swift */; };
		D0B977E099AB7C06B7B40B93 /* Pods_cocoapods_dio_cocoapods_dioUITests.framework in Frameworks */ = {isa = PBXBuildFile; fileRef = BB43639AF71683B9CBF255C4 /* Pods_cocoapods_dio_cocoapods_dioUITests.framework */; };
		DC2F135F2C863F9C5B8D363B /* Pods_cocoapods_dioTests.framework in Frameworks */ = {isa = PBXBuildFile; fileRef = 933D1E10B08F8DC0C34F47C1 /* Pods_cocoapods_dioTests.framework */; };
		DD58B6A410CCF4AC0747A105 /* Pods_cocoapods_dio.framework in Frameworks */ = {isa = PBXBuildFile; fileRef = D6164B2F77637C3B026A8DFA /* Pods_cocoapods_dio.framework */; };
/* End PBXBuildFile section */

/* Begin PBXContainerItemProxy section */
		9BDA990B27A334BA009FA7A4 /* PBXContainerItemProxy */ = {
			isa = PBXContainerItemProxy;
			containerPortal = 9BDA98EC27A334B8009FA7A4 /* Project object */;
			proxyType = 1;
			remoteGlobalIDString = 9BDA98F327A334B8009FA7A4;
			remoteInfo = "cocoapods-dio";
		};
		9BDA991527A334BA009FA7A4 /* PBXContainerItemProxy */ = {
			isa = PBXContainerItemProxy;
			containerPortal = 9BDA98EC27A334B8009FA7A4 /* Project object */;
			proxyType = 1;
			remoteGlobalIDString = 9BDA98F327A334B8009FA7A4;
			remoteInfo = "cocoapods-dio";
		};
/* End PBXContainerItemProxy section */

/* Begin PBXFileReference section */
		3ABA674CB2A9D7F7C3C61E16 /* Pods-cocoapods-dio.debug.xcconfig */ = {isa = PBXFileReference; includeInIndex = 1; lastKnownFileType = text.xcconfig; name = "Pods-cocoapods-dio.debug.xcconfig"; path = "Target Support Files/Pods-cocoapods-dio/Pods-cocoapods-dio.debug.xcconfig"; sourceTree = "<group>"; };
		869FA47A79EC8006ACD46935 /* Pods-cocoapods-dioTests.release.xcconfig */ = {isa = PBXFileReference; includeInIndex = 1; lastKnownFileType = text.xcconfig; name = "Pods-cocoapods-dioTests.release.xcconfig"; path = "Target Support Files/Pods-cocoapods-dioTests/Pods-cocoapods-dioTests.release.xcconfig"; sourceTree = "<group>"; };
		933D1E10B08F8DC0C34F47C1 /* Pods_cocoapods_dioTests.framework */ = {isa = PBXFileReference; explicitFileType = wrapper.framework; includeInIndex = 0; path = Pods_cocoapods_dioTests.framework; sourceTree = BUILT_PRODUCTS_DIR; };
		99AE29768E3A5BC51DE59F2D /* Pods-cocoapods-dio-cocoapods-dioUITests.release.xcconfig */ = {isa = PBXFileReference; includeInIndex = 1; lastKnownFileType = text.xcconfig; name = "Pods-cocoapods-dio-cocoapods-dioUITests.release.xcconfig"; path = "Target Support Files/Pods-cocoapods-dio-cocoapods-dioUITests/Pods-cocoapods-dio-cocoapods-dioUITests.release.xcconfig"; sourceTree = "<group>"; };
		9BDA98F427A334B8009FA7A4 /* cocoapods-dio.app */ = {isa = PBXFileReference; explicitFileType = wrapper.application; includeInIndex = 0; path = "cocoapods-dio.app"; sourceTree = BUILT_PRODUCTS_DIR; };
		9BDA98F727A334B8009FA7A4 /* AppDelegate.swift */ = {isa = PBXFileReference; lastKnownFileType = sourcecode.swift; path = AppDelegate.swift; sourceTree = "<group>"; };
		9BDA98F927A334B8009FA7A4 /* SceneDelegate.swift */ = {isa = PBXFileReference; lastKnownFileType = sourcecode.swift; path = SceneDelegate.swift; sourceTree = "<group>"; };
		9BDA98FB27A334B8009FA7A4 /* ViewController.swift */ = {isa = PBXFileReference; lastKnownFileType = sourcecode.swift; path = ViewController.swift; sourceTree = "<group>"; };
		9BDA98FE27A334B8009FA7A4 /* Base */ = {isa = PBXFileReference; lastKnownFileType = file.storyboard; name = Base; path = Base.lproj/Main.storyboard; sourceTree = "<group>"; };
		9BDA990027A334BA009FA7A4 /* Assets.xcassets */ = {isa = PBXFileReference; lastKnownFileType = folder.assetcatalog; path = Assets.xcassets; sourceTree = "<group>"; };
		9BDA990327A334BA009FA7A4 /* Base */ = {isa = PBXFileReference; lastKnownFileType = file.storyboard; name = Base; path = Base.lproj/LaunchScreen.storyboard; sourceTree = "<group>"; };
		9BDA990527A334BA009FA7A4 /* Info.plist */ = {isa = PBXFileReference; lastKnownFileType = text.plist.xml; path = Info.plist; sourceTree = "<group>"; };
		9BDA990A27A334BA009FA7A4 /* cocoapods-dioTests.xctest */ = {isa = PBXFileReference; explicitFileType = wrapper.cfbundle; includeInIndex = 0; path = "cocoapods-dioTests.xctest"; sourceTree = BUILT_PRODUCTS_DIR; };
		9BDA990E27A334BA009FA7A4 /* cocoapods_dioTests.swift */ = {isa = PBXFileReference; lastKnownFileType = sourcecode.swift; path = cocoapods_dioTests.swift; sourceTree = "<group>"; };
		9BDA991427A334BA009FA7A4 /* cocoapods-dioUITests.xctest */ = {isa = PBXFileReference; explicitFileType = wrapper.cfbundle; includeInIndex = 0; path = "cocoapods-dioUITests.xctest"; sourceTree = BUILT_PRODUCTS_DIR; };
		9BDA991827A334BA009FA7A4 /* cocoapods_dioUITests.swift */ = {isa = PBXFileReference; lastKnownFileType = sourcecode.swift; path = cocoapods_dioUITests.swift; sourceTree = "<group>"; };
		9BDA991A27A334BA009FA7A4 /* cocoapods_dioUITestsLaunchTests.swift */ = {isa = PBXFileReference; lastKnownFileType = sourcecode.swift; path = cocoapods_dioUITestsLaunchTests.swift; sourceTree = "<group>"; };
		9E7026908DC7FEC88A97FF7A /* Pods-cocoapods-dioTests.debug.xcconfig */ = {isa = PBXFileReference; includeInIndex = 1; lastKnownFileType = text.xcconfig; name = "Pods-cocoapods-dioTests.debug.xcconfig"; path = "Target Support Files/Pods-cocoapods-dioTests/Pods-cocoapods-dioTests.debug.xcconfig"; sourceTree = "<group>"; };
		BB43639AF71683B9CBF255C4 /* Pods_cocoapods_dio_cocoapods_dioUITests.framework */ = {isa = PBXFileReference; explicitFileType = wrapper.framework; includeInIndex = 0; path = Pods_cocoapods_dio_cocoapods_dioUITests.framework; sourceTree = BUILT_PRODUCTS_DIR; };
		CB08EC649B92A76B60BA1878 /* Pods-cocoapods-dio.release.xcconfig */ = {isa = PBXFileReference; includeInIndex = 1; lastKnownFileType = text.xcconfig; name = "Pods-cocoapods-dio.release.xcconfig"; path = "Target Support Files/Pods-cocoapods-dio/Pods-cocoapods-dio.release.xcconfig"; sourceTree = "<group>"; };
		CFA23D97E5FD72CB27E2EB16 /* Pods-cocoapods-dio-cocoapods-dioUITests.debug.xcconfig */ = {isa = PBXFileReference; includeInIndex = 1; lastKnownFileType = text.xcconfig; name = "Pods-cocoapods-dio-cocoapods-dioUITests.debug.xcconfig"; path = "Target Support Files/Pods-cocoapods-dio-cocoapods-dioUITests/Pods-cocoapods-dio-cocoapods-dioUITests.debug.xcconfig"; sourceTree = "<group>"; };
		D6164B2F77637C3B026A8DFA /* Pods_cocoapods_dio.framework */ = {isa = PBXFileReference; explicitFileType = wrapper.framework; includeInIndex = 0; path = Pods_cocoapods_dio.framework; sourceTree = BUILT_PRODUCTS_DIR; };
/* End PBXFileReference section */

/* Begin PBXFrameworksBuildPhase section */
		9BDA98F127A334B8009FA7A4 /* Frameworks */ = {
			isa = PBXFrameworksBuildPhase;
			buildActionMask = 2147483647;
			files = (
				DD58B6A410CCF4AC0747A105 /* Pods_cocoapods_dio.framework in Frameworks */,
			);
			runOnlyForDeploymentPostprocessing = 0;
		};
		9BDA990727A334BA009FA7A4 /* Frameworks */ = {
			isa = PBXFrameworksBuildPhase;
			buildActionMask = 2147483647;
			files = (
				DC2F135F2C863F9C5B8D363B /* Pods_cocoapods_dioTests.framework in Frameworks */,
			);
			runOnlyForDeploymentPostprocessing = 0;
		};
		9BDA991127A334BA009FA7A4 /* Frameworks */ = {
			isa = PBXFrameworksBuildPhase;
			buildActionMask = 2147483647;
			files = (
				D0B977E099AB7C06B7B40B93 /* Pods_cocoapods_dio_cocoapods_dioUITests.framework in Frameworks */,
			);
			runOnlyForDeploymentPostprocessing = 0;
		};
/* End PBXFrameworksBuildPhase section */

/* Begin PBXGroup section */
		7F96FAC230962E8213F6BABB /* Frameworks */ = {
			isa = PBXGroup;
			children = (
				D6164B2F77637C3B026A8DFA /* Pods_cocoapods_dio.framework */,
				BB43639AF71683B9CBF255C4 /* Pods_cocoapods_dio_cocoapods_dioUITests.framework */,
				933D1E10B08F8DC0C34F47C1 /* Pods_cocoapods_dioTests.framework */,
			);
			name = Frameworks;
			sourceTree = "<group>";
		};
		83201E350846FAB2814E3D62 /* Pods */ = {
			isa = PBXGroup;
			children = (
				3ABA674CB2A9D7F7C3C61E16 /* Pods-cocoapods-dio.debug.xcconfig */,
				CB08EC649B92A76B60BA1878 /* Pods-cocoapods-dio.release.xcconfig */,
				CFA23D97E5FD72CB27E2EB16 /* Pods-cocoapods-dio-cocoapods-dioUITests.debug.xcconfig */,
				99AE29768E3A5BC51DE59F2D /* Pods-cocoapods-dio-cocoapods-dioUITests.release.xcconfig */,
				9E7026908DC7FEC88A97FF7A /* Pods-cocoapods-dioTests.debug.xcconfig */,
				869FA47A79EC8006ACD46935 /* Pods-cocoapods-dioTests.release.xcconfig */,
			);
			name = Pods;
			path = Pods;
			sourceTree = "<group>";
		};
		9BDA98EB27A334B8009FA7A4 = {
			isa = PBXGroup;
			children = (
				9BDA98F627A334B8009FA7A4 /* cocoapods-dio */,
				9BDA990D27A334BA009FA7A4 /* cocoapods-dioTests */,
				9BDA991727A334BA009FA7A4 /* cocoapods-dioUITests */,
				9BDA98F527A334B8009FA7A4 /* Products */,
				83201E350846FAB2814E3D62 /* Pods */,
				7F96FAC230962E8213F6BABB /* Frameworks */,
			);
			sourceTree = "<group>";
		};
		9BDA98F527A334B8009FA7A4 /* Products */ = {
			isa = PBXGroup;
			children = (
				9BDA98F427A334B8009FA7A4 /* cocoapods-dio.app */,
				9BDA990A27A334BA009FA7A4 /* cocoapods-dioTests.xctest */,
				9BDA991427A334BA009FA7A4 /* cocoapods-dioUITests.xctest */,
			);
			name = Products;
			sourceTree = "<group>";
		};
		9BDA98F627A334B8009FA7A4 /* cocoapods-dio */ = {
			isa = PBXGroup;
			children = (
				9BDA98F727A334B8009FA7A4 /* AppDelegate.swift */,
				9BDA98F927A334B8009FA7A4 /* SceneDelegate.swift */,
				9BDA98FB27A334B8009FA7A4 /* ViewController.swift */,
				9BDA98FD27A334B8009FA7A4 /* Main.storyboard */,
				9BDA990027A334BA009FA7A4 /* Assets.xcassets */,
				9BDA990227A334BA009FA7A4 /* LaunchScreen.storyboard */,
				9BDA990527A334BA009FA7A4 /* Info.plist */,
			);
			path = "cocoapods-dio";
			sourceTree = "<group>";
		};
		9BDA990D27A334BA009FA7A4 /* cocoapods-dioTests */ = {
			isa = PBXGroup;
			children = (
				9BDA990E27A334BA009FA7A4 /* cocoapods_dioTests.swift */,
			);
			path = "cocoapods-dioTests";
			sourceTree = "<group>";
		};
		9BDA991727A334BA009FA7A4 /* cocoapods-dioUITests */ = {
			isa = PBXGroup;
			children = (
				9BDA991827A334BA009FA7A4 /* cocoapods_dioUITests.swift */,
				9BDA991A27A334BA009FA7A4 /* cocoapods_dioUITestsLaunchTests.swift */,
			);
			path = "cocoapods-dioUITests";
			sourceTree = "<group>";
		};
/* End PBXGroup section */

/* Begin PBXNativeTarget section */
		9BDA98F327A334B8009FA7A4 /* cocoapods-dio */ = {
			isa = PBXNativeTarget;
			buildConfigurationList = 9BDA991E27A334BA009FA7A4 /* Build configuration list for PBXNativeTarget "cocoapods-dio" */;
			buildPhases = (
				9836C9058C9BED62902991B0 /* [CP] Check Pods Manifest.lock */,
				9BDA98F027A334B8009FA7A4 /* Sources */,
				9BDA98F127A334B8009FA7A4 /* Frameworks */,
				9BDA98F227A334B8009FA7A4 /* Resources */,
				2DFF494196919B6767B9FE6F /* [CP] Embed Pods Frameworks */,
			);
			buildRules = (
			);
			dependencies = (
			);
			name = "cocoapods-dio";
			productName = "cocoapods-dio";
			productReference = 9BDA98F427A334B8009FA7A4 /* cocoapods-dio.app */;
			productType = "com.apple.product-type.application";
		};
		9BDA990927A334BA009FA7A4 /* cocoapods-dioTests */ = {
			isa = PBXNativeTarget;
			buildConfigurationList = 9BDA992127A334BA009FA7A4 /* Build configuration list for PBXNativeTarget "cocoapods-dioTests" */;
			buildPhases = (
				586F355216BC1DCCF9928380 /* [CP] Check Pods Manifest.lock */,
				9BDA990627A334BA009FA7A4 /* Sources */,
				9BDA990727A334BA009FA7A4 /* Frameworks */,
				9BDA990827A334BA009FA7A4 /* Resources */,
			);
			buildRules = (
			);
			dependencies = (
				9BDA990C27A334BA009FA7A4 /* PBXTargetDependency */,
			);
			name = "cocoapods-dioTests";
			productName = "cocoapods-dioTests";
			productReference = 9BDA990A27A334BA009FA7A4 /* cocoapods-dioTests.xctest */;
			productType = "com.apple.product-type.bundle.unit-test";
		};
		9BDA991327A334BA009FA7A4 /* cocoapods-dioUITests */ = {
			isa = PBXNativeTarget;
			buildConfigurationList = 9BDA992427A334BA009FA7A4 /* Build configuration list for PBXNativeTarget "cocoapods-dioUITests" */;
			buildPhases = (
				6877CCE498846E7B60E1D863 /* [CP] Check Pods Manifest.lock */,
				9BDA991027A334BA009FA7A4 /* Sources */,
				9BDA991127A334BA009FA7A4 /* Frameworks */,
				9BDA991227A334BA009FA7A4 /* Resources */,
				259F33B6857A36FC629F70DE /* [CP] Embed Pods Frameworks */,
			);
			buildRules = (
			);
			dependencies = (
				9BDA991627A334BA009FA7A4 /* PBXTargetDependency */,
			);
			name = "cocoapods-dioUITests";
			productName = "cocoapods-dioUITests";
			productReference = 9BDA991427A334BA009FA7A4 /* cocoapods-dioUITests.xctest */;
			productType = "com.apple.product-type.bundle.ui-testing";
		};
/* End PBXNativeTarget section */

/* Begin PBXProject section */
		9BDA98EC27A334B8009FA7A4 /* Project object */ = {
			isa = PBXProject;
			attributes = {
				BuildIndependentTargetsInParallel = 1;
				LastSwiftUpdateCheck = 1320;
				LastUpgradeCheck = 1320;
				TargetAttributes = {
					9BDA98F327A334B8009FA7A4 = {
						CreatedOnToolsVersion = 13.2.1;
					};
					9BDA990927A334BA009FA7A4 = {
						CreatedOnToolsVersion = 13.2.1;
						TestTargetID = 9BDA98F327A334B8009FA7A4;
					};
					9BDA991327A334BA009FA7A4 = {
						CreatedOnToolsVersion = 13.2.1;
						TestTargetID = 9BDA98F327A334B8009FA7A4;
					};
				};
			};
			buildConfigurationList = 9BDA98EF27A334B8009FA7A4 /* Build configuration list for PBXProject "cocoapods-dio" */;
			compatibilityVersion = "Xcode 13.0";
			developmentRegion = en;
			hasScannedForEncodings = 0;
			knownRegions = (
				en,
				Base,
			);
			mainGroup = 9BDA98EB27A334B8009FA7A4;
			productRefGroup = 9BDA98F527A334B8009FA7A4 /* Products */;
			projectDirPath = "";
			projectRoot = "";
			targets = (
				9BDA98F327A334B8009FA7A4 /* cocoapods-dio */,
				9BDA990927A334BA009FA7A4 /* cocoapods-dioTests */,
				9BDA991327A334BA009FA7A4 /* cocoapods-dioUITests */,
			);
		};
/* End PBXProject section */

/* Begin PBXResourcesBuildPhase section */
		9BDA98F227A334B8009FA7A4 /* Resources */ = {
			isa = PBXResourcesBuildPhase;
			buildActionMask = 2147483647;
			files = (
				9BDA990427A334BA009FA7A4 /* LaunchScreen.storyboard in Resources */,
				9BDA990127A334BA009FA7A4 /* Assets.xcassets in Resources */,
				9BDA98FF27A334B8009FA7A4 /* Main.storyboard in Resources */,
			);
			runOnlyForDeploymentPostprocessing = 0;
		};
		9BDA990827A334BA009FA7A4 /* Resources */ = {
			isa = PBXResourcesBuildPhase;
			buildActionMask = 2147483647;
			files = (
			);
			runOnlyForDeploymentPostprocessing = 0;
		};
		9BDA991227A334BA009FA7A4 /* Resources */ = {
			isa = PBXResourcesBuildPhase;
			buildActionMask = 2147483647;
			files = (
			);
			runOnlyForDeploymentPostprocessing = 0;
		};
/* End PBXResourcesBuildPhase section */

/* Begin PBXShellScriptBuildPhase section */
		259F33B6857A36FC629F70DE /* [CP] Embed Pods Frameworks */ = {
			isa = PBXShellScriptBuildPhase;
			buildActionMask = 2147483647;
			files = (
			);
			inputFileListPaths = (
				"${PODS_ROOT}/Target Support Files/Pods-cocoapods-dio-cocoapods-dioUITests/Pods-cocoapods-dio-cocoapods-dioUITests-frameworks-${CONFIGURATION}-input-files.xcfilelist",
			);
			name = "[CP] Embed Pods Frameworks";
			outputFileListPaths = (
				"${PODS_ROOT}/Target Support Files/Pods-cocoapods-dio-cocoapods-dioUITests/Pods-cocoapods-dio-cocoapods-dioUITests-frameworks-${CONFIGURATION}-output-files.xcfilelist",
			);
			runOnlyForDeploymentPostprocessing = 0;
			shellPath = /bin/sh;
			shellScript = "\"${PODS_ROOT}/Target Support Files/Pods-cocoapods-dio-cocoapods-dioUITests/Pods-cocoapods-dio-cocoapods-dioUITests-frameworks.sh\"\n";
			showEnvVarsInLog = 0;
		};
		2DFF494196919B6767B9FE6F /* [CP] Embed Pods Frameworks */ = {
			isa = PBXShellScriptBuildPhase;
			buildActionMask = 2147483647;
			files = (
			);
			inputFileListPaths = (
				"${PODS_ROOT}/Target Support Files/Pods-cocoapods-dio/Pods-cocoapods-dio-frameworks-${CONFIGURATION}-input-files.xcfilelist",
			);
			name = "[CP] Embed Pods Frameworks";
			outputFileListPaths = (
				"${PODS_ROOT}/Target Support Files/Pods-cocoapods-dio/Pods-cocoapods-dio-frameworks-${CONFIGURATION}-output-files.xcfilelist",
			);
			runOnlyForDeploymentPostprocessing = 0;
			shellPath = /bin/sh;
			shellScript = "\"${PODS_ROOT}/Target Support Files/Pods-cocoapods-dio/Pods-cocoapods-dio-frameworks.sh\"\n";
			showEnvVarsInLog = 0;
		};
		586F355216BC1DCCF9928380 /* [CP] Check Pods Manifest.lock */ = {
			isa = PBXShellScriptBuildPhase;
			buildActionMask = 2147483647;
			files = (
			);
			inputFileListPaths = (
			);
			inputPaths = (
				"${PODS_PODFILE_DIR_PATH}/Podfile.lock",
				"${PODS_ROOT}/Manifest.lock",
			);
			name = "[CP] Check Pods Manifest.lock";
			outputFileListPaths = (
			);
			outputPaths = (
				"$(DERIVED_FILE_DIR)/Pods-cocoapods-dioTests-checkManifestLockResult.txt",
			);
			runOnlyForDeploymentPostprocessing = 0;
			shellPath = /bin/sh;
			shellScript = "diff \"${PODS_PODFILE_DIR_PATH}/Podfile.lock\" \"${PODS_ROOT}/Manifest.lock\" > /dev/null\nif [ $? != 0 ] ; then\n    # print error to STDERR\n    echo \"error: The sandbox is not in sync with the Podfile.lock. Run 'pod install' or update your CocoaPods installation.\" >&2\n    exit 1\nfi\n# This output is used by Xcode 'outputs' to avoid re-running this script phase.\necho \"SUCCESS\" > \"${SCRIPT_OUTPUT_FILE_0}\"\n";
			showEnvVarsInLog = 0;
		};
		6877CCE498846E7B60E1D863 /* [CP] Check Pods Manifest.lock */ = {
			isa = PBXShellScriptBuildPhase;
			buildActionMask = 2147483647;
			files = (
			);
			inputFileListPaths = (
			);
			inputPaths = (
				"${PODS_PODFILE_DIR_PATH}/Podfile.lock",
				"${PODS_ROOT}/Manifest.lock",
			);
			name = "[CP] Check Pods Manifest.lock";
			outputFileListPaths = (
			);
			outputPaths = (
				"$(DERIVED_FILE_DIR)/Pods-cocoapods-dio-cocoapods-dioUITests-checkManifestLockResult.txt",
			);
			runOnlyForDeploymentPostprocessing = 0;
			shellPath = /bin/sh;
			shellScript = "diff \"${PODS_PODFILE_DIR_PATH}/Podfile.lock\" \"${PODS_ROOT}/Manifest.lock\" > /dev/null\nif [ $? != 0 ] ; then\n    # print error to STDERR\n    echo \"error: The sandbox is not in sync with the Podfile.lock. Run 'pod install' or update your CocoaPods installation.\" >&2\n    exit 1\nfi\n# This output is used by Xcode 'outputs' to avoid re-running this script phase.\necho \"SUCCESS\" > \"${SCRIPT_OUTPUT_FILE_0}\"\n";
			showEnvVarsInLog = 0;
		};
		9836C9058C9BED62902991B0 /* [CP] Check Pods Manifest.lock */ = {
			isa = PBXShellScriptBuildPhase;
			buildActionMask = 2147483647;
			files = (
			);
			inputFileListPaths = (
			);
			inputPaths = (
				"${PODS_PODFILE_DIR_PATH}/Podfile.lock",
				"${PODS_ROOT}/Manifest.lock",
			);
			name = "[CP] Check Pods Manifest.lock";
			outputFileListPaths = (
			);
			outputPaths = (
				"$(DERIVED_FILE_DIR)/Pods-cocoapods-dio-checkManifestLockResult.txt",
			);
			runOnlyForDeploymentPostprocessing = 0;
			shellPath = /bin/sh;
			shellScript = "diff \"${PODS_PODFILE_DIR_PATH}/Podfile.lock\" \"${PODS_ROOT}/Manifest.lock\" > /dev/null\nif [ $? != 0 ] ; then\n    # print error to STDERR\n    echo \"error: The sandbox is not in sync with the Podfile.lock. Run 'pod install' or update your CocoaPods installation.\" >&2\n    exit 1\nfi\n# This output is used by Xcode 'outputs' to avoid re-running this script phase.\necho \"SUCCESS\" > \"${SCRIPT_OUTPUT_FILE_0}\"\n";
			showEnvVarsInLog = 0;
		};
/* End PBXShellScriptBuildPhase section */

/* Begin PBXSourcesBuildPhase section */
		9BDA98F027A334B8009FA7A4 /* Sources */ = {
			isa = PBXSourcesBuildPhase;
			buildActionMask = 2147483647;
			files = (
				9BDA98FC27A334B8009FA7A4 /* ViewController.swift in Sources */,
				9BDA98F827A334B8009FA7A4 /* AppDelegate.swift in Sources */,
				9BDA98FA27A334B8009FA7A4 /* SceneDelegate.swift in Sources */,
			);
			runOnlyForDeploymentPostprocessing = 0;
		};
		9BDA990627A334BA009FA7A4 /* Sources */ = {
			isa = PBXSourcesBuildPhase;
			buildActionMask = 2147483647;
			files = (
				9BDA990F27A334BA009FA7A4 /* cocoapods_dioTests.swift in Sources */,
			);
			runOnlyForDeploymentPostprocessing = 0;
		};
		9BDA991027A334BA009FA7A4 /* Sources */ = {
			isa = PBXSourcesBuildPhase;
			buildActionMask = 2147483647;
			files = (
				9BDA991927A334BA009FA7A4 /* cocoapods_dioUITests.swift in Sources */,
				9BDA991B27A334BA009FA7A4 /* cocoapods_dioUITestsLaunchTests.swift in Sources */,
			);
			runOnlyForDeploymentPostprocessing = 0;
		};
/* End PBXSourcesBuildPhase section */

/* Begin PBXTargetDependency section */
		9BDA990C27A334BA009FA7A4 /* PBXTargetDependency */ = {
			isa = PBXTargetDependency;
			target = 9BDA98F327A334B8009FA7A4 /* cocoapods-dio */;
			targetProxy = 9BDA990B27A334BA009FA7A4 /* PBXContainerItemProxy */;
		};
		9BDA991627A334BA009FA7A4 /* PBXTargetDependency */ = {
			isa = PBXTargetDependency;
			target = 9BDA98F327A334B8009FA7A4 /* cocoapods-dio */;
			targetProxy = 9BDA991527A334BA009FA7A4 /* PBXContainerItemProxy */;
		};
/* End PBXTargetDependency section */

/* Begin PBXVariantGroup section */
		9BDA98FD27A334B8009FA7A4 /* Main.storyboard */ = {
			isa = PBXVariantGroup;
			children = (
				9BDA98FE27A334B8009FA7A4 /* Base */,
			);
			name = Main.storyboard;
			sourceTree = "<group>";
		};
		9BDA990227A334BA009FA7A4 /* LaunchScreen.storyboard */ = {
			isa = PBXVariantGroup;
			children = (
				9BDA990327A334BA009FA7A4 /* Base */,
			);
			name = LaunchScreen.storyboard;
			sourceTree = "<group>";
		};
/* End PBXVariantGroup section */

/* Begin XCBuildConfiguration section */
		9BDA991C27A334BA009FA7A4 /* Debug */ = {
			isa = XCBuildConfiguration;
			buildSettings = {
				ALWAYS_SEARCH_USER_PATHS = NO;
				CLANG_ANALYZER_NONNULL = YES;
				CLANG_ANALYZER_NUMBER_OBJECT_CONVERSION = YES_AGGRESSIVE;
				CLANG_CXX_LANGUAGE_STANDARD = "gnu++17";
				CLANG_CXX_LIBRARY = "libc++";
				CLANG_ENABLE_MODULES = YES;
				CLANG_ENABLE_OBJC_ARC = YES;
				CLANG_ENABLE_OBJC_WEAK = YES;
				CLANG_WARN_BLOCK_CAPTURE_AUTORELEASING = YES;
				CLANG_WARN_BOOL_CONVERSION = YES;
				CLANG_WARN_COMMA = YES;
				CLANG_WARN_CONSTANT_CONVERSION = YES;
				CLANG_WARN_DEPRECATED_OBJC_IMPLEMENTATIONS = YES;
				CLANG_WARN_DIRECT_OBJC_ISA_USAGE = YES_ERROR;
				CLANG_WARN_DOCUMENTATION_COMMENTS = YES;
				CLANG_WARN_EMPTY_BODY = YES;
				CLANG_WARN_ENUM_CONVERSION = YES;
				CLANG_WARN_INFINITE_RECURSION = YES;
				CLANG_WARN_INT_CONVERSION = YES;
				CLANG_WARN_NON_LITERAL_NULL_CONVERSION = YES;
				CLANG_WARN_OBJC_IMPLICIT_RETAIN_SELF = YES;
				CLANG_WARN_OBJC_LITERAL_CONVERSION = YES;
				CLANG_WARN_OBJC_ROOT_CLASS = YES_ERROR;
				CLANG_WARN_QUOTED_INCLUDE_IN_FRAMEWORK_HEADER = YES;
				CLANG_WARN_RANGE_LOOP_ANALYSIS = YES;
				CLANG_WARN_STRICT_PROTOTYPES = YES;
				CLANG_WARN_SUSPICIOUS_MOVE = YES;
				CLANG_WARN_UNGUARDED_AVAILABILITY = YES_AGGRESSIVE;
				CLANG_WARN_UNREACHABLE_CODE = YES;
				CLANG_WARN__DUPLICATE_METHOD_MATCH = YES;
				COPY_PHASE_STRIP = NO;
				DEBUG_INFORMATION_FORMAT = dwarf;
				ENABLE_STRICT_OBJC_MSGSEND = YES;
				ENABLE_TESTABILITY = YES;
				GCC_C_LANGUAGE_STANDARD = gnu11;
				GCC_DYNAMIC_NO_PIC = NO;
				GCC_NO_COMMON_BLOCKS = YES;
				GCC_OPTIMIZATION_LEVEL = 0;
				GCC_PREPROCESSOR_DEFINITIONS = (
					"DEBUG=1",
					"$(inherited)",
				);
				GCC_WARN_64_TO_32_BIT_CONVERSION = YES;
				GCC_WARN_ABOUT_RETURN_TYPE = YES_ERROR;
				GCC_WARN_UNDECLARED_SELECTOR = YES;
				GCC_WARN_UNINITIALIZED_AUTOS = YES_AGGRESSIVE;
				GCC_WARN_UNUSED_FUNCTION = YES;
				GCC_WARN_UNUSED_VARIABLE = YES;
				IPHONEOS_DEPLOYMENT_TARGET = 15.2;
				MTL_ENABLE_DEBUG_INFO = INCLUDE_SOURCE;
				MTL_FAST_MATH = YES;
				ONLY_ACTIVE_ARCH = YES;
				SDKROOT = iphoneos;
				SWIFT_ACTIVE_COMPILATION_CONDITIONS = DEBUG;
				SWIFT_OPTIMIZATION_LEVEL = "-Onone";
			};
			name = Debug;
		};
		9BDA991D27A334BA009FA7A4 /* Release */ = {
			isa = XCBuildConfiguration;
			buildSettings = {
				ALWAYS_SEARCH_USER_PATHS = NO;
				CLANG_ANALYZER_NONNULL = YES;
				CLANG_ANALYZER_NUMBER_OBJECT_CONVERSION = YES_AGGRESSIVE;
				CLANG_CXX_LANGUAGE_STANDARD = "gnu++17";
				CLANG_CXX_LIBRARY = "libc++";
				CLANG_ENABLE_MODULES = YES;
				CLANG_ENABLE_OBJC_ARC = YES;
				CLANG_ENABLE_OBJC_WEAK = YES;
				CLANG_WARN_BLOCK_CAPTURE_AUTORELEASING = YES;
				CLANG_WARN_BOOL_CONVERSION = YES;
				CLANG_WARN_COMMA = YES;
				CLANG_WARN_CONSTANT_CONVERSION = YES;
				CLANG_WARN_DEPRECATED_OBJC_IMPLEMENTATIONS = YES;
				CLANG_WARN_DIRECT_OBJC_ISA_USAGE = YES_ERROR;
				CLANG_WARN_DOCUMENTATION_COMMENTS = YES;
				CLANG_WARN_EMPTY_BODY = YES;
				CLANG_WARN_ENUM_CONVERSION = YES;
				CLANG_WARN_INFINITE_RECURSION = YES;
				CLANG_WARN_INT_CONVERSION = YES;
				CLANG_WARN_NON_LITERAL_NULL_CONVERSION = YES;
				CLANG_WARN_OBJC_IMPLICIT_RETAIN_SELF = YES;
				CLANG_WARN_OBJC_LITERAL_CONVERSION = YES;
				CLANG_WARN_OBJC_ROOT_CLASS = YES_ERROR;
				CLANG_WARN_QUOTED_INCLUDE_IN_FRAMEWORK_HEADER = YES;
				CLANG_WARN_RANGE_LOOP_ANALYSIS = YES;
				CLANG_WARN_STRICT_PROTOTYPES = YES;
				CLANG_WARN_SUSPICIOUS_MOVE = YES;
				CLANG_WARN_UNGUARDED_AVAILABILITY = YES_AGGRESSIVE;
				CLANG_WARN_UNREACHABLE_CODE = YES;
				CLANG_WARN__DUPLICATE_METHOD_MATCH = YES;
				COPY_PHASE_STRIP = NO;
				DEBUG_INFORMATION_FORMAT = "dwarf-with-dsym";
				ENABLE_NS_ASSERTIONS = NO;
				ENABLE_STRICT_OBJC_MSGSEND = YES;
				GCC_C_LANGUAGE_STANDARD = gnu11;
				GCC_NO_COMMON_BLOCKS = YES;
				GCC_WARN_64_TO_32_BIT_CONVERSION = YES;
				GCC_WARN_ABOUT_RETURN_TYPE = YES_ERROR;
				GCC_WARN_UNDECLARED_SELECTOR = YES;
				GCC_WARN_UNINITIALIZED_AUTOS = YES_AGGRESSIVE;
				GCC_WARN_UNUSED_FUNCTION = YES;
				GCC_WARN_UNUSED_VARIABLE = YES;
				IPHONEOS_DEPLOYMENT_TARGET = 15.2;
				MTL_ENABLE_DEBUG_INFO = NO;
				MTL_FAST_MATH = YES;
				SDKROOT = iphoneos;
				SWIFT_COMPILATION_MODE = wholemodule;
				SWIFT_OPTIMIZATION_LEVEL = "-O";
				VALIDATE_PRODUCT = YES;
			};
			name = Release;
		};
		9BDA991F27A334BA009FA7A4 /* Debug */ = {
			isa = XCBuildConfiguration;
			baseConfigurationReference = 3ABA674CB2A9D7F7C3C61E16 /* Pods-cocoapods-dio.debug.xcconfig */;
			buildSettings = {
				ASSETCATALOG_COMPILER_APPICON_NAME = AppIcon;
				ASSETCATALOG_COMPILER_GLOBAL_ACCENT_COLOR_NAME = AccentColor;
				CODE_SIGN_STYLE = Automatic;
				CURRENT_PROJECT_VERSION = 1;
				GENERATE_INFOPLIST_FILE = YES;
				INFOPLIST_FILE = "cocoapods-dio/Info.plist";
				INFOPLIST_KEY_UIApplicationSupportsIndirectInputEvents = YES;
				INFOPLIST_KEY_UILaunchStoryboardName = LaunchScreen;
				INFOPLIST_KEY_UIMainStoryboardFile = Main;
				INFOPLIST_KEY_UISupportedInterfaceOrientations_iPad = "UIInterfaceOrientationPortrait UIInterfaceOrientationPortraitUpsideDown UIInterfaceOrientationLandscapeLeft UIInterfaceOrientationLandscapeRight";
				INFOPLIST_KEY_UISupportedInterfaceOrientations_iPhone = "UIInterfaceOrientationPortrait UIInterfaceOrientationLandscapeLeft UIInterfaceOrientationLandscapeRight";
				LD_RUNPATH_SEARCH_PATHS = (
					"$(inherited)",
					"@executable_path/Frameworks",
				);
				MARKETING_VERSION = 1.0;
				PRODUCT_BUNDLE_IDENTIFIER = "cocoapods.dio.cocoapods-dio";
				PRODUCT_NAME = "$(TARGET_NAME)";
				SWIFT_EMIT_LOC_STRINGS = YES;
				SWIFT_VERSION = 5.0;
				TARGETED_DEVICE_FAMILY = "1,2";
			};
			name = Debug;
		};
		9BDA992027A334BA009FA7A4 /* Release */ = {
			isa = XCBuildConfiguration;
			baseConfigurationReference = CB08EC649B92A76B60BA1878 /* Pods-cocoapods-dio.release.xcconfig */;
			buildSettings = {
				ASSETCATALOG_COMPILER_APPICON_NAME = AppIcon;
				ASSETCATALOG_COMPILER_GLOBAL_ACCENT_COLOR_NAME = AccentColor;
				CODE_SIGN_STYLE = Automatic;
				CURRENT_PROJECT_VERSION = 1;
				GENERATE_INFOPLIST_FILE = YES;
				INFOPLIST_FILE = "cocoapods-dio/Info.plist";
				INFOPLIST_KEY_UIApplicationSupportsIndirectInputEvents = YES;
				INFOPLIST_KEY_UILaunchStoryboardName = LaunchScreen;
				INFOPLIST_KEY_UIMainStoryboardFile = Main;
				INFOPLIST_KEY_UISupportedInterfaceOrientations_iPad = "UIInterfaceOrientationPortrait UIInterfaceOrientationPortraitUpsideDown UIInterfaceOrientationLandscapeLeft UIInterfaceOrientationLandscapeRight";
				INFOPLIST_KEY_UISupportedInterfaceOrientations_iPhone = "UIInterfaceOrientationPortrait UIInterfaceOrientationLandscapeLeft UIInterfaceOrientationLandscapeRight";
				LD_RUNPATH_SEARCH_PATHS = (
					"$(inherited)",
					"@executable_path/Frameworks",
				);
				MARKETING_VERSION = 1.0;
				PRODUCT_BUNDLE_IDENTIFIER = "cocoapods.dio.cocoapods-dio";
				PRODUCT_NAME = "$(TARGET_NAME)";
				SWIFT_EMIT_LOC_STRINGS = YES;
				SWIFT_VERSION = 5.0;
				TARGETED_DEVICE_FAMILY = "1,2";
			};
			name = Release;
		};
		9BDA992227A334BA009FA7A4 /* Debug */ = {
			isa = XCBuildConfiguration;
			baseConfigurationReference = 9E7026908DC7FEC88A97FF7A /* Pods-cocoapods-dioTests.debug.xcconfig */;
			buildSettings = {
				ALWAYS_EMBED_SWIFT_STANDARD_LIBRARIES = YES;
				BUNDLE_LOADER = "$(TEST_HOST)";
				CODE_SIGN_STYLE = Automatic;
				CURRENT_PROJECT_VERSION = 1;
				GENERATE_INFOPLIST_FILE = YES;
				IPHONEOS_DEPLOYMENT_TARGET = 15.2;
				MARKETING_VERSION = 1.0;
				PRODUCT_BUNDLE_IDENTIFIER = "cocoapods.dio.cocoapods-dioTests";
				PRODUCT_NAME = "$(TARGET_NAME)";
				SWIFT_EMIT_LOC_STRINGS = NO;
				SWIFT_VERSION = 5.0;
				TARGETED_DEVICE_FAMILY = "1,2";
				TEST_HOST = "$(BUILT_PRODUCTS_DIR)/cocoapods-dio.app/cocoapods-dio";
			};
			name = Debug;
		};
		9BDA992327A334BA009FA7A4 /* Release */ = {
			isa = XCBuildConfiguration;
			baseConfigurationReference = 869FA47A79EC8006ACD46935 /* Pods-cocoapods-dioTests.release.xcconfig */;
			buildSettings = {
				ALWAYS_EMBED_SWIFT_STANDARD_LIBRARIES = YES;
				BUNDLE_LOADER = "$(TEST_HOST)";
				CODE_SIGN_STYLE = Automatic;
				CURRENT_PROJECT_VERSION = 1;
				GENERATE_INFOPLIST_FILE = YES;
				IPHONEOS_DEPLOYMENT_TARGET = 15.2;
				MARKETING_VERSION = 1.0;
				PRODUCT_BUNDLE_IDENTIFIER = "cocoapods.dio.cocoapods-dioTests";
				PRODUCT_NAME = "$(TARGET_NAME)";
				SWIFT_EMIT_LOC_STRINGS = NO;
				SWIFT_VERSION = 5.0;
				TARGETED_DEVICE_FAMILY = "1,2";
				TEST_HOST = "$(BUILT_PRODUCTS_DIR)/cocoapods-dio.app/cocoapods-dio";
			};
			name = Release;
		};
		9BDA992527A334BA009FA7A4 /* Debug */ = {
			isa = XCBuildConfiguration;
			baseConfigurationReference = CFA23D97E5FD72CB27E2EB16 /* Pods-cocoapods-dio-cocoapods-dioUITests.debug.xcconfig */;
			buildSettings = {
				ALWAYS_EMBED_SWIFT_STANDARD_LIBRARIES = YES;
				CODE_SIGN_STYLE = Automatic;
				CURRENT_PROJECT_VERSION = 1;
				GENERATE_INFOPLIST_FILE = YES;
				MARKETING_VERSION = 1.0;
				PRODUCT_BUNDLE_IDENTIFIER = "cocoapods.dio.cocoapods-dioUITests";
				PRODUCT_NAME = "$(TARGET_NAME)";
				SWIFT_EMIT_LOC_STRINGS = NO;
				SWIFT_VERSION = 5.0;
				TARGETED_DEVICE_FAMILY = "1,2";
				TEST_TARGET_NAME = "cocoapods-dio";
			};
			name = Debug;
		};
		9BDA992627A334BA009FA7A4 /* Release */ = {
			isa = XCBuildConfiguration;
			baseConfigurationReference = 99AE29768E3A5BC51DE59F2D /* Pods-cocoapods-dio-cocoapods-dioUITests.release.xcconfig */;
			buildSettings = {
				ALWAYS_EMBED_SWIFT_STANDARD_LIBRARIES = YES;
				CODE_SIGN_STYLE = Automatic;
				CURRENT_PROJECT_VERSION = 1;
				GENERATE_INFOPLIST_FILE = YES;
				MARKETING_VERSION = 1.0;
				PRODUCT_BUNDLE_IDENTIFIER = "cocoapods.dio.cocoapods-dioUITests";
				PRODUCT_NAME = "$(TARGET_NAME)";
				SWIFT_EMIT_LOC_STRINGS = NO;
				SWIFT_VERSION = 5.0;
				TARGETED_DEVICE_FAMILY = "1,2";
				TEST_TARGET_NAME = "cocoapods-dio";
			};
			name = Release;
		};
/* End XCBuildConfiguration section */

/* Begin XCConfigurationList section */
		9BDA98EF27A334B8009FA7A4 /* Build configuration list for PBXProject "cocoapods-dio" */ = {
			isa = XCConfigurationList;
			buildConfigurations = (
				9BDA991C27A334BA009FA7A4 /* Debug */,
				9BDA991D27A334BA009FA7A4 /* Release */,
			);
			defaultConfigurationIsVisible = 0;
			defaultConfigurationName = Release;
		};
		9BDA991E27A334BA009FA7A4 /* Build configuration list for PBXNativeTarget "cocoapods-dio" */ = {
			isa = XCConfigurationList;
			buildConfigurations = (
				9BDA991F27A334BA009FA7A4 /* Debug */,
				9BDA992027A334BA009FA7A4 /* Release */,
			);
			defaultConfigurationIsVisible = 0;
			defaultConfigurationName = Release;
		};
		9BDA992127A334BA009FA7A4 /* Build configuration list for PBXNativeTarget "cocoapods-dioTests" */ = {
			isa = XCConfigurationList;
			buildConfigurations = (
				9BDA992227A334BA009FA7A4 /* Debug */,
				9BDA992327A334BA009FA7A4 /* Release */,
			);
			defaultConfigurationIsVisible = 0;
			defaultConfigurationName = Release;
		};
		9BDA992427A334BA009FA7A4 /* Build configuration list for PBXNativeTarget "cocoapods-dioUITests" */ = {
			isa = XCConfigurationList;
			buildConfigurations = (
				9BDA992527A334BA009FA7A4 /* Debug */,
				9BDA992627A334BA009FA7A4 /* Release */,
			);
			defaultConfigurationIsVisible = 0;
			defaultConfigurationName = Release;
		};
/* End XCConfigurationList section */
	};
	rootObject = 9BDA98EC27A334B8009FA7A4 /* Project object */;
}
